# THIS IS AN AUTOGENERATED FILE. DO NOT EDIT THIS FILE DIRECTLY.
# yarn lockfile v1


mod-a@^1.0.0:
  version "1.0.0"
  resolved "https://npm.shopee.io/mod-a/-/mod-a-1.0.0.tgz#d27217e16777d7c0c14b2d49e365119de3bf4da0"
  integrity sha512-LHSY3BAvHk8CV3O2J2zraDq10+VI1QT1yCTildRW12JSWwFvsnzwLhdOdrJG2gaHHIya7N4GndK+ZFh1bTBjFw==
  dependencies:
    mod-b "^1.0.0"

mod-b@^1.0.0:
  version "1.0.0"
  resolved "https://npm.shopee.io/mod-b/-/mod-b-1.0.0.tgz#0d6e560f07d533708a39693b5de7188db74b66b8"
  integrity sha512-w3+jMEBzh6ap32RoJkmkFSIi6EmBYArDviaA9mAri/zfhu5pKcIFhyiGdtt9Ce9Wz6aF7wkkL9hMd3F4XWgjsA==

mod-b@^2.0.0:
  version "2.0.0"
  resolved "https://npm.shopee.io/mod-b/-/mod-b-2.0.0.tgz#d3c10b5815b31689a51b7c7d84341825353a2382"
  integrity sha512-F1mbrVGqDeid+VoEdswLYsznXnTG/k8xf5aYRTX7ifhzWk9yzwQJPq5wHikqx+/eLzwEaj9tjVQSLO2prdRZew==

mod-c@^1.0.0:
  version "1.0.0"
  resolved "https://npm.shopee.io/mod-c/-/mod-c-1.0.0.tgz#849adb050fcb7f5dd463b105dbf23771a3bd9df0"
  integrity sha512-aUhu8lL4T+UYGNi9qd+DqBfCuDaZxkBJ0gDC5lS9WhQmLusTncROjXL0W8JvVe3mvwrbJCTTbyJ8SJpm1pd9Og==
  dependencies:
    mod-b "^2.0.0"

mod-d@^1.0.0:
  version "1.0.0"
  resolved "https://npm.shopee.io/mod-d/-/mod-d-1.0.0.tgz#54d9ed3bd9c529622bdc1874001128e8889146e8"
  integrity sha512-7gg7sLWjR7X0orcoF6YNl34FWZiR+RzeeuJgBxd7k2FfuuPZvwPGKu8/LShEMeGmSFT/s0Mg7SpztSq1P+IK1w==
  dependencies:
    mod-b "^2.0.0"

mod-e@^1.0.0:
  version "1.0.0"
  resolved "https://npm.shopee.io/mod-e/-/mod-e-1.0.0.tgz#5e844c9a5309220f0c21107b9374145bc5af3944"
  integrity sha512-R6Bkcffy5MNjNJlXYd8pmb0y5izO0GOZH4SmCdf7le/jQMzdGAO6/zswP8dZv3kunkCc/eOnxPKLw0MWe94alQ==
  dependencies:
    mod-b "^1.0.0"
